
Microsoft Visual Studio Solution File, Format Version 12.00
# Visual Studio 15
VisualStudioVersion = 15.0.27703.2047
MinimumVisualStudioVersion = 10.0.40219.1
Project("{FAE04EC0-301F-11D3-BF4B-00C04F79EFBC}") = "Sales.Android", "Sales\Sales.Android\Sales.Android.csproj", "{1B846CDF-4A3D-4645-B023-97DD54AE060B}"
EndProject
Project("{FAE04EC0-301F-11D3-BF4B-00C04F79EFBC}") = "Sales.iOS", "Sales\Sales.iOS\Sales.iOS.csproj", "{C38E891E-6DF4-41BE-B057-C8CEFC2E9C11}"
EndProject
Project("{FAE04EC0-301F-11D3-BF4B-00C04F79EFBC}") = "Sales.UWP", "Sales\Sales.UWP\Sales.UWP.csproj", "{FD30EA50-2B1E-4376-B3F9-DB34313302B5}"
EndProject
Project("{FAE04EC0-301F-11D3-BF4B-00C04F79EFBC}") = "Sales", "Sales\Sales\Sales.csproj", "{8873DC3C-8842-4A03-A5DB-D39EFC6CAF3E}"
EndProject
Project("{FAE04EC0-301F-11D3-BF4B-00C04F79EFBC}") = "Sales.Backend", "Sales.Backend\Sales.Backend.csproj", "{3BA7D15E-3126-4329-89D4-62FF149F5EE9}"
EndProject
Project("{FAE04EC0-301F-11D3-BF4B-00C04F79EFBC}") = "Sales.API", "Sales.API\Sales.API.csproj", "{7B7DE0A6-C384-49E4-8F8C-C857B222B8F6}"
EndProject
Project("{FAE04EC0-301F-11D3-BF4B-00C04F79EFBC}") = "Sales.Domain", "Sales.Domain\Sales.Domain.csproj", "{6B353C3F-D9F7-44B3-9578-0FEE37D0D948}"
EndProject
Project("{FAE04EC0-301F-11D3-BF4B-00C04F79EFBC}") = "Sales.Common", "Sales.Common\Sales.Common.csproj", "{3AE229E0-53F4-4FE1-A3CF-EF5AFA1F7270}"
EndProject
Global
	GlobalSection(SolutionConfigurationPlatforms) = preSolution
		Ad-Hoc|Any CPU = Ad-Hoc|Any CPU
		Ad-Hoc|ARM = Ad-Hoc|ARM
		Ad-Hoc|iPhone = Ad-Hoc|iPhone
		Ad-Hoc|iPhoneSimulator = Ad-Hoc|iPhoneSimulator
		Ad-Hoc|x64 = Ad-Hoc|x64
		Ad-Hoc|x86 = Ad-Hoc|x86
		AppStore|Any CPU = AppStore|Any CPU
		AppStore|ARM = AppStore|ARM
		AppStore|iPhone = AppStore|iPhone
		AppStore|iPhoneSimulator = AppStore|iPhoneSimulator
		AppStore|x64 = AppStore|x64
		AppStore|x86 = AppStore|x86
		Debug|Any CPU = Debug|Any CPU
		Debug|ARM = Debug|ARM
		Debug|iPhone = Debug|iPhone
		Debug|iPhoneSimulator = Debug|iPhoneSimulator
		Debug|x64 = Debug|x64
		Debug|x86 = Debug|x86
		Release|Any CPU = Release|Any CPU
		Release|ARM = Release|ARM
		Release|iPhone = Release|iPhone
		Release|iPhoneSimulator = Release|iPhoneSimulator
		Release|x64 = Release|x64
		Release|x86 = Release|x86
	EndGlobalSection
	GlobalSection(ProjectConfigurationPlatforms) = postSolution
		{1B846CDF-4A3D-4645-B023-97DD54AE060B}.Ad-Hoc|Any CPU.ActiveCfg = Release|Any CPU
		{1B846CDF-4A3D-4645-B023-97DD54AE060B}.Ad-Hoc|Any CPU.Build.0 = Release|Any CPU
		{1B846CDF-4A3D-4645-B023-97DD54AE060B}.Ad-Hoc|Any CPU.Deploy.0 = Release|Any CPU
		{1B846CDF-4A3D-4645-B023-97DD54AE060B}.Ad-Hoc|ARM.ActiveCfg = Release|Any CPU
		{1B846CDF-4A3D-4645-B023-97DD54AE060B}.Ad-Hoc|ARM.Build.0 = Release|Any CPU
		{1B846CDF-4A3D-4645-B023-97DD54AE060B}.Ad-Hoc|ARM.Deploy.0 = Release|Any CPU
		{1B846CDF-4A3D-4645-B023-97DD54AE060B}.Ad-Hoc|iPhone.ActiveCfg = Release|Any CPU
		{1B846CDF-4A3D-4645-B023-97DD54AE060B}.Ad-Hoc|iPhone.Build.0 = Release|Any CPU
		{1B846CDF-4A3D-4645-B023-97DD54AE060B}.Ad-Hoc|iPhone.Deploy.0 = Release|Any CPU
		{1B846CDF-4A3D-4645-B023-97DD54AE060B}.Ad-Hoc|iPhoneSimulator.ActiveCfg = Release|Any CPU
		{1B846CDF-4A3D-4645-B023-97DD54AE060B}.Ad-Hoc|iPhoneSimulator.Build.0 = Release|Any CPU
		{1B846CDF-4A3D-4645-B023-97DD54AE060B}.Ad-Hoc|iPhoneSimulator.Deploy.0 = Release|Any CPU
		{1B846CDF-4A3D-4645-B023-97DD54AE060B}.Ad-Hoc|x64.ActiveCfg = Release|Any CPU
		{1B846CDF-4A3D-4645-B023-97DD54AE060B}.Ad-Hoc|x64.Build.0 = Release|Any CPU
		{1B846CDF-4A3D-4645-B023-97DD54AE060B}.Ad-Hoc|x64.Deploy.0 = Release|Any CPU
		{1B846CDF-4A3D-4645-B023-97DD54AE060B}.Ad-Hoc|x86.ActiveCfg = Release|Any CPU
		{1B846CDF-4A3D-4645-B023-97DD54AE060B}.Ad-Hoc|x86.Build.0 = Release|Any CPU
		{1B846CDF-4A3D-4645-B023-97DD54AE060B}.Ad-Hoc|x86.Deploy.0 = Release|Any CPU
		{1B846CDF-4A3D-4645-B023-97DD54AE060B}.AppStore|Any CPU.ActiveCfg = Release|Any CPU
		{1B846CDF-4A3D-4645-B023-97DD54AE060B}.AppStore|Any CPU.Build.0 = Release|Any CPU
		{1B846CDF-4A3D-4645-B023-97DD54AE060B}.AppStore|Any CPU.Deploy.0 = Release|Any CPU
		{1B846CDF-4A3D-4645-B023-97DD54AE060B}.AppStore|ARM.ActiveCfg = Release|Any CPU
		{1B846CDF-4A3D-4645-B023-97DD54AE060B}.AppStore|ARM.Build.0 = Release|Any CPU
		{1B846CDF-4A3D-4645-B023-97DD54AE060B}.AppStore|ARM.Deploy.0 = Release|Any CPU
		{1B846CDF-4A3D-4645-B023-97DD54AE060B}.AppStore|iPhone.ActiveCfg = Release|Any CPU
		{1B846CDF-4A3D-4645-B023-97DD54AE060B}.AppStore|iPhone.Build.0 = Release|Any CPU
		{1B846CDF-4A3D-4645-B023-97DD54AE060B}.AppStore|iPhone.Deploy.0 = Release|Any CPU
		{1B846CDF-4A3D-4645-B023-97DD54AE060B}.AppStore|iPhoneSimulator.ActiveCfg = Release|Any CPU
		{1B846CDF-4A3D-4645-B023-97DD54AE060B}.AppStore|iPhoneSimulator.Build.0 = Release|Any CPU
		{1B846CDF-4A3D-4645-B023-97DD54AE060B}.AppStore|iPhoneSimulator.Deploy.0 = Release|Any CPU
		{1B846CDF-4A3D-4645-B023-97DD54AE060B}.AppStore|x64.ActiveCfg = Release|Any CPU
		{1B846CDF-4A3D-4645-B023-97DD54AE060B}.AppStore|x64.Build.0 = Release|Any CPU
		{1B846CDF-4A3D-4645-B023-97DD54AE060B}.AppStore|x64.Deploy.0 = Release|Any CPU
		{1B846CDF-4A3D-4645-B023-97DD54AE060B}.AppStore|x86.ActiveCfg = Release|Any CPU
		{1B846CDF-4A3D-4645-B023-97DD54AE060B}.AppStore|x86.Build.0 = Release|Any CPU
		{1B846CDF-4A3D-4645-B023-97DD54AE060B}.AppStore|x86.Deploy.0 = Release|Any CPU
		{1B846CDF-4A3D-4645-B023-97DD54AE060B}.Debug|Any CPU.ActiveCfg = Debug|Any CPU
		{1B846CDF-4A3D-4645-B023-97DD54AE060B}.Debug|Any CPU.Build.0 = Debug|Any CPU
		{1B846CDF-4A3D-4645-B023-97DD54AE060B}.Debug|Any CPU.Deploy.0 = Debug|Any CPU
		{1B846CDF-4A3D-4645-B023-97DD54AE060B}.Debug|ARM.ActiveCfg = Debug|Any CPU
		{1B846CDF-4A3D-4645-B023-97DD54AE060B}.Debug|ARM.Build.0 = Debug|Any CPU
		{1B846CDF-4A3D-4645-B023-97DD54AE060B}.Debug|ARM.Deploy.0 = Debug|Any CPU
		{1B846CDF-4A3D-4645-B023-97DD54AE060B}.Debug|iPhone.ActiveCfg = Debug|Any CPU
		{1B846CDF-4A3D-4645-B023-97DD54AE060B}.Debug|iPhone.Build.0 = Debug|Any CPU
		{1B846CDF-4A3D-4645-B023-97DD54AE060B}.Debug|iPhone.Deploy.0 = Debug|Any CPU
		{1B846CDF-4A3D-4645-B023-97DD54AE060B}.Debug|iPhoneSimulator.ActiveCfg = Debug|Any CPU
		{1B846CDF-4A3D-4645-B023-97DD54AE060B}.Debug|iPhoneSimulator.Build.0 = Debug|Any CPU
		{1B846CDF-4A3D-4645-B023-97DD54AE060B}.Debug|iPhoneSimulator.Deploy.0 = Debug|Any CPU
		{1B846CDF-4A3D-4645-B023-97DD54AE060B}.Debug|x64.ActiveCfg = Debug|Any CPU
		{1B846CDF-4A3D-4645-B023-97DD54AE060B}.Debug|x64.Build.0 = Debug|Any CPU
		{1B846CDF-4A3D-4645-B023-97DD54AE060B}.Debug|x64.Deploy.0 = Debug|Any CPU
		{1B846CDF-4A3D-4645-B023-97DD54AE060B}.Debug|x86.ActiveCfg = Debug|Any CPU
		{1B846CDF-4A3D-4645-B023-97DD54AE060B}.Debug|x86.Build.0 = Debug|Any CPU
		{1B846CDF-4A3D-4645-B023-97DD54AE060B}.Debug|x86.Deploy.0 = Debug|Any CPU
		{1B846CDF-4A3D-4645-B023-97DD54AE060B}.Release|Any CPU.ActiveCfg = Release|Any CPU
		{1B846CDF-4A3D-4645-B023-97DD54AE060B}.Release|Any CPU.Build.0 = Release|Any CPU
		{1B846CDF-4A3D-4645-B023-97DD54AE060B}.Release|Any CPU.Deploy.0 = Release|Any CPU
		{1B846CDF-4A3D-4645-B023-97DD54AE060B}.Release|ARM.ActiveCfg = Release|Any CPU
		{1B846CDF-4A3D-4645-B023-97DD54AE060B}.Release|ARM.Build.0 = Release|Any CPU
		{1B846CDF-4A3D-4645-B023-97DD54AE060B}.Release|ARM.Deploy.0 = Release|Any CPU
		{1B846CDF-4A3D-4645-B023-97DD54AE060B}.Release|iPhone.ActiveCfg = Release|Any CPU
		{1B846CDF-4A3D-4645-B023-97DD54AE060B}.Release|iPhone.Build.0 = Release|Any CPU
		{1B846CDF-4A3D-4645-B023-97DD54AE060B}.Release|iPhone.Deploy.0 = Release|Any CPU
		{1B846CDF-4A3D-4645-B023-97DD54AE060B}.Release|iPhoneSimulator.ActiveCfg = Release|Any CPU
		{1B846CDF-4A3D-4645-B023-97DD54AE060B}.Release|iPhoneSimulator.Build.0 = Release|Any CPU
		{1B846CDF-4A3D-4645-B023-97DD54AE060B}.Release|iPhoneSimulator.Deploy.0 = Release|Any CPU
		{1B846CDF-4A3D-4645-B023-97DD54AE060B}.Release|x64.ActiveCfg = Release|Any CPU
		{1B846CDF-4A3D-4645-B023-97DD54AE060B}.Release|x64.Build.0 = Release|Any CPU
		{1B846CDF-4A3D-4645-B023-97DD54AE060B}.Release|x64.Deploy.0 = Release|Any CPU
		{1B846CDF-4A3D-4645-B023-97DD54AE060B}.Release|x86.ActiveCfg = Release|Any CPU
		{1B846CDF-4A3D-4645-B023-97DD54AE060B}.Release|x86.Build.0 = Release|Any CPU
		{1B846CDF-4A3D-4645-B023-97DD54AE060B}.Release|x86.Deploy.0 = Release|Any CPU
		{C38E891E-6DF4-41BE-B057-C8CEFC2E9C11}.Ad-Hoc|Any CPU.ActiveCfg = Ad-Hoc|iPhone
		{C38E891E-6DF4-41BE-B057-C8CEFC2E9C11}.Ad-Hoc|Any CPU.Build.0 = Ad-Hoc|iPhone
		{C38E891E-6DF4-41BE-B057-C8CEFC2E9C11}.Ad-Hoc|Any CPU.Deploy.0 = Ad-Hoc|iPhone
		{C38E891E-6DF4-41BE-B057-C8CEFC2E9C11}.Ad-Hoc|ARM.ActiveCfg = Ad-Hoc|iPhone
		{C38E891E-6DF4-41BE-B057-C8CEFC2E9C11}.Ad-Hoc|ARM.Build.0 = Ad-Hoc|iPhone
		{C38E891E-6DF4-41BE-B057-C8CEFC2E9C11}.Ad-Hoc|ARM.Deploy.0 = Ad-Hoc|iPhone
		{C38E891E-6DF4-41BE-B057-C8CEFC2E9C11}.Ad-Hoc|iPhone.ActiveCfg = Ad-Hoc|iPhone
		{C38E891E-6DF4-41BE-B057-C8CEFC2E9C11}.Ad-Hoc|iPhone.Build.0 = Ad-Hoc|iPhone
		{C38E891E-6DF4-41BE-B057-C8CEFC2E9C11}.Ad-Hoc|iPhone.Deploy.0 = Ad-Hoc|iPhone
		{C38E891E-6DF4-41BE-B057-C8CEFC2E9C11}.Ad-Hoc|iPhoneSimulator.ActiveCfg = Ad-Hoc|iPhoneSimulator
		{C38E891E-6DF4-41BE-B057-C8CEFC2E9C11}.Ad-Hoc|iPhoneSimulator.Build.0 = Ad-Hoc|iPhoneSimulator
		{C38E891E-6DF4-41BE-B057-C8CEFC2E9C11}.Ad-Hoc|iPhoneSimulator.Deploy.0 = Ad-Hoc|iPhoneSimulator
		{C38E891E-6DF4-41BE-B057-C8CEFC2E9C11}.Ad-Hoc|x64.ActiveCfg = Ad-Hoc|iPhone
		{C38E891E-6DF4-41BE-B057-C8CEFC2E9C11}.Ad-Hoc|x64.Build.0 = Ad-Hoc|iPhone
		{C38E891E-6DF4-41BE-B057-C8CEFC2E9C11}.Ad-Hoc|x64.Deploy.0 = Ad-Hoc|iPhone
		{C38E891E-6DF4-41BE-B057-C8CEFC2E9C11}.Ad-Hoc|x86.ActiveCfg = Ad-Hoc|iPhone
		{C38E891E-6DF4-41BE-B057-C8CEFC2E9C11}.Ad-Hoc|x86.Build.0 = Ad-Hoc|iPhone
		{C38E891E-6DF4-41BE-B057-C8CEFC2E9C11}.Ad-Hoc|x86.Deploy.0 = Ad-Hoc|iPhone
		{C38E891E-6DF4-41BE-B057-C8CEFC2E9C11}.AppStore|Any CPU.ActiveCfg = AppStore|iPhone
		{C38E891E-6DF4-41BE-B057-C8CEFC2E9C11}.AppStore|Any CPU.Build.0 = AppStore|iPhone
		{C38E891E-6DF4-41BE-B057-C8CEFC2E9C11}.AppStore|Any CPU.Deploy.0 = AppStore|iPhone
		{C38E891E-6DF4-41BE-B057-C8CEFC2E9C11}.AppStore|ARM.ActiveCfg = AppStore|iPhone
		{C38E891E-6DF4-41BE-B057-C8CEFC2E9C11}.AppStore|ARM.Build.0 = AppStore|iPhone
		{C38E891E-6DF4-41BE-B057-C8CEFC2E9C11}.AppStore|ARM.Deploy.0 = AppStore|iPhone
		{C38E891E-6DF4-41BE-B057-C8CEFC2E9C11}.AppStore|iPhone.ActiveCfg = AppStore|iPhone
		{C38E891E-6DF4-41BE-B057-C8CEFC2E9C11}.AppStore|iPhone.Build.0 = AppStore|iPhone
		{C38E891E-6DF4-41BE-B057-C8CEFC2E9C11}.AppStore|iPhone.Deploy.0 = AppStore|iPhone
		{C38E891E-6DF4-41BE-B057-C8CEFC2E9C11}.AppStore|iPhoneSimulator.ActiveCfg = AppStore|iPhoneSimulator
		{C38E891E-6DF4-41BE-B057-C8CEFC2E9C11}.AppStore|iPhoneSimulator.Build.0 = AppStore|iPhoneSimulator
		{C38E891E-6DF4-41BE-B057-C8CEFC2E9C11}.AppStore|iPhoneSimulator.Deploy.0 = AppStore|iPhoneSimulator
		{C38E891E-6DF4-41BE-B057-C8CEFC2E9C11}.AppStore|x64.ActiveCfg = AppStore|iPhone
		{C38E891E-6DF4-41BE-B057-C8CEFC2E9C11}.AppStore|x64.Build.0 = AppStore|iPhone
		{C38E891E-6DF4-41BE-B057-C8CEFC2E9C11}.AppStore|x64.Deploy.0 = AppStore|iPhone
		{C38E891E-6DF4-41BE-B057-C8CEFC2E9C11}.AppStore|x86.ActiveCfg = AppStore|iPhone
		{C38E891E-6DF4-41BE-B057-C8CEFC2E9C11}.AppStore|x86.Build.0 = AppStore|iPhone
		{C38E891E-6DF4-41BE-B057-C8CEFC2E9C11}.AppStore|x86.Deploy.0 = AppStore|iPhone
		{C38E891E-6DF4-41BE-B057-C8CEFC2E9C11}.Debug|Any CPU.ActiveCfg = Debug|iPhoneSimulator
		{C38E891E-6DF4-41BE-B057-C8CEFC2E9C11}.Debug|Any CPU.Build.0 = Debug|iPhoneSimulator
		{C38E891E-6DF4-41BE-B057-C8CEFC2E9C11}.Debug|Any CPU.Deploy.0 = Debug|iPhoneSimulator
		{C38E891E-6DF4-41BE-B057-C8CEFC2E9C11}.Debug|ARM.ActiveCfg = Debug|iPhone
		{C38E891E-6DF4-41BE-B057-C8CEFC2E9C11}.Debug|ARM.Build.0 = Debug|iPhone
		{C38E891E-6DF4-41BE-B057-C8CEFC2E9C11}.Debug|ARM.Deploy.0 = Debug|iPhone
		{C38E891E-6DF4-41BE-B057-C8CEFC2E9C11}.Debug|iPhone.ActiveCfg = Debug|iPhone
		{C38E891E-6DF4-41BE-B057-C8CEFC2E9C11}.Debug|iPhone.Build.0 = Debug|iPhone
		{C38E891E-6DF4-41BE-B057-C8CEFC2E9C11}.Debug|iPhone.Deploy.0 = Debug|iPhone
		{C38E891E-6DF4-41BE-B057-C8CEFC2E9C11}.Debug|iPhoneSimulator.ActiveCfg = Debug|iPhoneSimulator
		{C38E891E-6DF4-41BE-B057-C8CEFC2E9C11}.Debug|iPhoneSimulator.Build.0 = Debug|iPhoneSimulator
		{C38E891E-6DF4-41BE-B057-C8CEFC2E9C11}.Debug|iPhoneSimulator.Deploy.0 = Debug|iPhoneSimulator
		{C38E891E-6DF4-41BE-B057-C8CEFC2E9C11}.Debug|x64.ActiveCfg = Debug|iPhone
		{C38E891E-6DF4-41BE-B057-C8CEFC2E9C11}.Debug|x64.Build.0 = Debug|iPhone
		{C38E891E-6DF4-41BE-B057-C8CEFC2E9C11}.Debug|x64.Deploy.0 = Debug|iPhone
		{C38E891E-6DF4-41BE-B057-C8CEFC2E9C11}.Debug|x86.ActiveCfg = Debug|iPhone
		{C38E891E-6DF4-41BE-B057-C8CEFC2E9C11}.Debug|x86.Build.0 = Debug|iPhone
		{C38E891E-6DF4-41BE-B057-C8CEFC2E9C11}.Debug|x86.Deploy.0 = Debug|iPhone
		{C38E891E-6DF4-41BE-B057-C8CEFC2E9C11}.Release|Any CPU.ActiveCfg = Release|iPhone
		{C38E891E-6DF4-41BE-B057-C8CEFC2E9C11}.Release|Any CPU.Build.0 = Release|iPhone
		{C38E891E-6DF4-41BE-B057-C8CEFC2E9C11}.Release|Any CPU.Deploy.0 = Release|iPhone
		{C38E891E-6DF4-41BE-B057-C8CEFC2E9C11}.Release|ARM.ActiveCfg = Release|iPhone
		{C38E891E-6DF4-41BE-B057-C8CEFC2E9C11}.Release|ARM.Build.0 = Release|iPhone
		{C38E891E-6DF4-41BE-B057-C8CEFC2E9C11}.Release|ARM.Deploy.0 = Release|iPhone
		{C38E891E-6DF4-41BE-B057-C8CEFC2E9C11}.Release|iPhone.ActiveCfg = Release|iPhone
		{C38E891E-6DF4-41BE-B057-C8CEFC2E9C11}.Release|iPhone.Build.0 = Release|iPhone
		{C38E891E-6DF4-41BE-B057-C8CEFC2E9C11}.Release|iPhone.Deploy.0 = Release|iPhone
		{C38E891E-6DF4-41BE-B057-C8CEFC2E9C11}.Release|iPhoneSimulator.ActiveCfg = Release|iPhoneSimulator
		{C38E891E-6DF4-41BE-B057-C8CEFC2E9C11}.Release|iPhoneSimulator.Build.0 = Release|iPhoneSimulator
		{C38E891E-6DF4-41BE-B057-C8CEFC2E9C11}.Release|iPhoneSimulator.Deploy.0 = Release|iPhoneSimulator
		{C38E891E-6DF4-41BE-B057-C8CEFC2E9C11}.Release|x64.ActiveCfg = Release|iPhone
		{C38E891E-6DF4-41BE-B057-C8CEFC2E9C11}.Release|x64.Build.0 = Release|iPhone
		{C38E891E-6DF4-41BE-B057-C8CEFC2E9C11}.Release|x64.Deploy.0 = Release|iPhone
		{C38E891E-6DF4-41BE-B057-C8CEFC2E9C11}.Release|x86.ActiveCfg = Release|iPhone
		{C38E891E-6DF4-41BE-B057-C8CEFC2E9C11}.Release|x86.Build.0 = Release|iPhone
		{C38E891E-6DF4-41BE-B057-C8CEFC2E9C11}.Release|x86.Deploy.0 = Release|iPhone
		{FD30EA50-2B1E-4376-B3F9-DB34313302B5}.Ad-Hoc|Any CPU.ActiveCfg = Release|x86
		{FD30EA50-2B1E-4376-B3F9-DB34313302B5}.Ad-Hoc|Any CPU.Build.0 = Release|x86
		{FD30EA50-2B1E-4376-B3F9-DB34313302B5}.Ad-Hoc|Any CPU.Deploy.0 = Release|x86
		{FD30EA50-2B1E-4376-B3F9-DB34313302B5}.Ad-Hoc|ARM.ActiveCfg = Release|ARM
		{FD30EA50-2B1E-4376-B3F9-DB34313302B5}.Ad-Hoc|ARM.Build.0 = Release|ARM
		{FD30EA50-2B1E-4376-B3F9-DB34313302B5}.Ad-Hoc|ARM.Deploy.0 = Release|ARM
		{FD30EA50-2B1E-4376-B3F9-DB34313302B5}.Ad-Hoc|iPhone.ActiveCfg = Release|x86
		{FD30EA50-2B1E-4376-B3F9-DB34313302B5}.Ad-Hoc|iPhone.Build.0 = Release|x86
		{FD30EA50-2B1E-4376-B3F9-DB34313302B5}.Ad-Hoc|iPhone.Deploy.0 = Release|x86
		{FD30EA50-2B1E-4376-B3F9-DB34313302B5}.Ad-Hoc|iPhoneSimulator.ActiveCfg = Release|x86
		{FD30EA50-2B1E-4376-B3F9-DB34313302B5}.Ad-Hoc|iPhoneSimulator.Build.0 = Release|x86
		{FD30EA50-2B1E-4376-B3F9-DB34313302B5}.Ad-Hoc|iPhoneSimulator.Deploy.0 = Release|x86
		{FD30EA50-2B1E-4376-B3F9-DB34313302B5}.Ad-Hoc|x64.ActiveCfg = Release|x64
		{FD30EA50-2B1E-4376-B3F9-DB34313302B5}.Ad-Hoc|x64.Build.0 = Release|x64
		{FD30EA50-2B1E-4376-B3F9-DB34313302B5}.Ad-Hoc|x64.Deploy.0 = Release|x64
		{FD30EA50-2B1E-4376-B3F9-DB34313302B5}.Ad-Hoc|x86.ActiveCfg = Release|x86
		{FD30EA50-2B1E-4376-B3F9-DB34313302B5}.Ad-Hoc|x86.Build.0 = Release|x86
		{FD30EA50-2B1E-4376-B3F9-DB34313302B5}.Ad-Hoc|x86.Deploy.0 = Release|x86
		{FD30EA50-2B1E-4376-B3F9-DB34313302B5}.AppStore|Any CPU.ActiveCfg = Release|x86
		{FD30EA50-2B1E-4376-B3F9-DB34313302B5}.AppStore|Any CPU.Build.0 = Release|x86
		{FD30EA50-2B1E-4376-B3F9-DB34313302B5}.AppStore|Any CPU.Deploy.0 = Release|x86
		{FD30EA50-2B1E-4376-B3F9-DB34313302B5}.AppStore|ARM.ActiveCfg = Release|ARM
		{FD30EA50-2B1E-4376-B3F9-DB34313302B5}.AppStore|ARM.Build.0 = Release|ARM
		{FD30EA50-2B1E-4376-B3F9-DB34313302B5}.AppStore|ARM.Deploy.0 = Release|ARM
		{FD30EA50-2B1E-4376-B3F9-DB34313302B5}.AppStore|iPhone.ActiveCfg = Release|x86
		{FD30EA50-2B1E-4376-B3F9-DB34313302B5}.AppStore|iPhone.Build.0 = Release|x86
		{FD30EA50-2B1E-4376-B3F9-DB34313302B5}.AppStore|iPhone.Deploy.0 = Release|x86
		{FD30EA50-2B1E-4376-B3F9-DB34313302B5}.AppStore|iPhoneSimulator.ActiveCfg = Release|x86
		{FD30EA50-2B1E-4376-B3F9-DB34313302B5}.AppStore|iPhoneSimulator.Build.0 = Release|x86
		{FD30EA50-2B1E-4376-B3F9-DB34313302B5}.AppStore|iPhoneSimulator.Deploy.0 = Release|x86
		{FD30EA50-2B1E-4376-B3F9-DB34313302B5}.AppStore|x64.ActiveCfg = Release|x64
		{FD30EA50-2B1E-4376-B3F9-DB34313302B5}.AppStore|x64.Build.0 = Release|x64
		{FD30EA50-2B1E-4376-B3F9-DB34313302B5}.AppStore|x64.Deploy.0 = Release|x64
		{FD30EA50-2B1E-4376-B3F9-DB34313302B5}.AppStore|x86.ActiveCfg = Release|x86
		{FD30EA50-2B1E-4376-B3F9-DB34313302B5}.AppStore|x86.Build.0 = Release|x86
		{FD30EA50-2B1E-4376-B3F9-DB34313302B5}.AppStore|x86.Deploy.0 = Release|x86
		{FD30EA50-2B1E-4376-B3F9-DB34313302B5}.Debug|Any CPU.ActiveCfg = Debug|x86
		{FD30EA50-2B1E-4376-B3F9-DB34313302B5}.Debug|Any CPU.Build.0 = Debug|x86
		{FD30EA50-2B1E-4376-B3F9-DB34313302B5}.Debug|Any CPU.Deploy.0 = Debug|x86
		{FD30EA50-2B1E-4376-B3F9-DB34313302B5}.Debug|ARM.ActiveCfg = Debug|ARM
		{FD30EA50-2B1E-4376-B3F9-DB34313302B5}.Debug|ARM.Build.0 = Debug|ARM
		{FD30EA50-2B1E-4376-B3F9-DB34313302B5}.Debug|ARM.Deploy.0 = Debug|ARM
		{FD30EA50-2B1E-4376-B3F9-DB34313302B5}.Debug|iPhone.ActiveCfg = Debug|x86
		{FD30EA50-2B1E-4376-B3F9-DB34313302B5}.Debug|iPhone.Build.0 = Debug|x86
		{FD30EA50-2B1E-4376-B3F9-DB34313302B5}.Debug|iPhone.Deploy.0 = Debug|x86
		{FD30EA50-2B1E-4376-B3F9-DB34313302B5}.Debug|iPhoneSimulator.ActiveCfg = Debug|x86
		{FD30EA50-2B1E-4376-B3F9-DB34313302B5}.Debug|iPhoneSimulator.Build.0 = Debug|x86
		{FD30EA50-2B1E-4376-B3F9-DB34313302B5}.Debug|iPhoneSimulator.Deploy.0 = Debug|x86
		{FD30EA50-2B1E-4376-B3F9-DB34313302B5}.Debug|x64.ActiveCfg = Debug|x64
		{FD30EA50-2B1E-4376-B3F9-DB34313302B5}.Debug|x64.Build.0 = Debug|x64
		{FD30EA50-2B1E-4376-B3F9-DB34313302B5}.Debug|x64.Deploy.0 = Debug|x64
		{FD30EA50-2B1E-4376-B3F9-DB34313302B5}.Debug|x86.ActiveCfg = Debug|x86
		{FD30EA50-2B1E-4376-B3F9-DB34313302B5}.Debug|x86.Build.0 = Debug|x86
		{FD30EA50-2B1E-4376-B3F9-DB34313302B5}.Debug|x86.Deploy.0 = Debug|x86
		{FD30EA50-2B1E-4376-B3F9-DB34313302B5}.Release|Any CPU.ActiveCfg = Release|x86
		{FD30EA50-2B1E-4376-B3F9-DB34313302B5}.Release|Any CPU.Build.0 = Release|x86
		{FD30EA50-2B1E-4376-B3F9-DB34313302B5}.Release|Any CPU.Deploy.0 = Release|x86
		{FD30EA50-2B1E-4376-B3F9-DB34313302B5}.Release|ARM.ActiveCfg = Release|ARM
		{FD30EA50-2B1E-4376-B3F9-DB34313302B5}.Release|ARM.Build.0 = Release|ARM
		{FD30EA50-2B1E-4376-B3F9-DB34313302B5}.Release|ARM.Deploy.0 = Release|ARM
		{FD30EA50-2B1E-4376-B3F9-DB34313302B5}.Release|iPhone.ActiveCfg = Release|x86
		{FD30EA50-2B1E-4376-B3F9-DB34313302B5}.Release|iPhone.Build.0 = Release|x86
		{FD30EA50-2B1E-4376-B3F9-DB34313302B5}.Release|iPhone.Deploy.0 = Release|x86
		{FD30EA50-2B1E-4376-B3F9-DB34313302B5}.Release|iPhoneSimulator.ActiveCfg = Release|x86
		{FD30EA50-2B1E-4376-B3F9-DB34313302B5}.Release|iPhoneSimulator.Build.0 = Release|x86
		{FD30EA50-2B1E-4376-B3F9-DB34313302B5}.Release|iPhoneSimulator.Deploy.0 = Release|x86
		{FD30EA50-2B1E-4376-B3F9-DB34313302B5}.Release|x64.ActiveCfg = Release|x64
		{FD30EA50-2B1E-4376-B3F9-DB34313302B5}.Release|x64.Build.0 = Release|x64
		{FD30EA50-2B1E-4376-B3F9-DB34313302B5}.Release|x64.Deploy.0 = Release|x64
		{FD30EA50-2B1E-4376-B3F9-DB34313302B5}.Release|x86.ActiveCfg = Release|x86
		{FD30EA50-2B1E-4376-B3F9-DB34313302B5}.Release|x86.Build.0 = Release|x86
		{FD30EA50-2B1E-4376-B3F9-DB34313302B5}.Release|x86.Deploy.0 = Release|x86
		{8873DC3C-8842-4A03-A5DB-D39EFC6CAF3E}.Ad-Hoc|Any CPU.ActiveCfg = Debug|Any CPU
		{8873DC3C-8842-4A03-A5DB-D39EFC6CAF3E}.Ad-Hoc|Any CPU.Build.0 = Debug|Any CPU
		{8873DC3C-8842-4A03-A5DB-D39EFC6CAF3E}.Ad-Hoc|Any CPU.Deploy.0 = Debug|Any CPU
		{8873DC3C-8842-4A03-A5DB-D39EFC6CAF3E}.Ad-Hoc|ARM.ActiveCfg = Debug|Any CPU
		{8873DC3C-8842-4A03-A5DB-D39EFC6CAF3E}.Ad-Hoc|ARM.Build.0 = Debug|Any CPU
		{8873DC3C-8842-4A03-A5DB-D39EFC6CAF3E}.Ad-Hoc|ARM.Deploy.0 = Debug|Any CPU
		{8873DC3C-8842-4A03-A5DB-D39EFC6CAF3E}.Ad-Hoc|iPhone.ActiveCfg = Debug|Any CPU
		{8873DC3C-8842-4A03-A5DB-D39EFC6CAF3E}.Ad-Hoc|iPhone.Build.0 = Debug|Any CPU
		{8873DC3C-8842-4A03-A5DB-D39EFC6CAF3E}.Ad-Hoc|iPhone.Deploy.0 = Debug|Any CPU
		{8873DC3C-8842-4A03-A5DB-D39EFC6CAF3E}.Ad-Hoc|iPhoneSimulator.ActiveCfg = Debug|Any CPU
		{8873DC3C-8842-4A03-A5DB-D39EFC6CAF3E}.Ad-Hoc|iPhoneSimulator.Build.0 = Debug|Any CPU
		{8873DC3C-8842-4A03-A5DB-D39EFC6CAF3E}.Ad-Hoc|iPhoneSimulator.Deploy.0 = Debug|Any CPU
		{8873DC3C-8842-4A03-A5DB-D39EFC6CAF3E}.Ad-Hoc|x64.ActiveCfg = Debug|Any CPU
		{8873DC3C-8842-4A03-A5DB-D39EFC6CAF3E}.Ad-Hoc|x64.Build.0 = Debug|Any CPU
		{8873DC3C-8842-4A03-A5DB-D39EFC6CAF3E}.Ad-Hoc|x64.Deploy.0 = Debug|Any CPU
		{8873DC3C-8842-4A03-A5DB-D39EFC6CAF3E}.Ad-Hoc|x86.ActiveCfg = Debug|Any CPU
		{8873DC3C-8842-4A03-A5DB-D39EFC6CAF3E}.Ad-Hoc|x86.Build.0 = Debug|Any CPU
		{8873DC3C-8842-4A03-A5DB-D39EFC6CAF3E}.Ad-Hoc|x86.Deploy.0 = Debug|Any CPU
		{8873DC3C-8842-4A03-A5DB-D39EFC6CAF3E}.AppStore|Any CPU.ActiveCfg = Debug|Any CPU
		{8873DC3C-8842-4A03-A5DB-D39EFC6CAF3E}.AppStore|Any CPU.Build.0 = Debug|Any CPU
		{8873DC3C-8842-4A03-A5DB-D39EFC6CAF3E}.AppStore|Any CPU.Deploy.0 = Debug|Any CPU
		{8873DC3C-8842-4A03-A5DB-D39EFC6CAF3E}.AppStore|ARM.ActiveCfg = Debug|Any CPU
		{8873DC3C-8842-4A03-A5DB-D39EFC6CAF3E}.AppStore|ARM.Build.0 = Debug|Any CPU
		{8873DC3C-8842-4A03-A5DB-D39EFC6CAF3E}.AppStore|ARM.Deploy.0 = Debug|Any CPU
		{8873DC3C-8842-4A03-A5DB-D39EFC6CAF3E}.AppStore|iPhone.ActiveCfg = Debug|Any CPU
		{8873DC3C-8842-4A03-A5DB-D39EFC6CAF3E}.AppStore|iPhone.Build.0 = Debug|Any CPU
		{8873DC3C-8842-4A03-A5DB-D39EFC6CAF3E}.AppStore|iPhone.Deploy.0 = Debug|Any CPU
		{8873DC3C-8842-4A03-A5DB-D39EFC6CAF3E}.AppStore|iPhoneSimulator.ActiveCfg = Debug|Any CPU
		{8873DC3C-8842-4A03-A5DB-D39EFC6CAF3E}.AppStore|iPhoneSimulator.Build.0 = Debug|Any CPU
		{8873DC3C-8842-4A03-A5DB-D39EFC6CAF3E}.AppStore|iPhoneSimulator.Deploy.0 = Debug|Any CPU
		{8873DC3C-8842-4A03-A5DB-D39EFC6CAF3E}.AppStore|x64.ActiveCfg = Debug|Any CPU
		{8873DC3C-8842-4A03-A5DB-D39EFC6CAF3E}.AppStore|x64.Build.0 = Debug|Any CPU
		{8873DC3C-8842-4A03-A5DB-D39EFC6CAF3E}.AppStore|x64.Deploy.0 = Debug|Any CPU
		{8873DC3C-8842-4A03-A5DB-D39EFC6CAF3E}.AppStore|x86.ActiveCfg = Debug|Any CPU
		{8873DC3C-8842-4A03-A5DB-D39EFC6CAF3E}.AppStore|x86.Build.0 = Debug|Any CPU
		{8873DC3C-8842-4A03-A5DB-D39EFC6CAF3E}.AppStore|x86.Deploy.0 = Debug|Any CPU
		{8873DC3C-8842-4A03-A5DB-D39EFC6CAF3E}.Debug|Any CPU.ActiveCfg = Debug|Any CPU
		{8873DC3C-8842-4A03-A5DB-D39EFC6CAF3E}.Debug|Any CPU.Build.0 = Debug|Any CPU
		{8873DC3C-8842-4A03-A5DB-D39EFC6CAF3E}.Debug|Any CPU.Deploy.0 = Debug|Any CPU
		{8873DC3C-8842-4A03-A5DB-D39EFC6CAF3E}.Debug|ARM.ActiveCfg = Debug|Any CPU
		{8873DC3C-8842-4A03-A5DB-D39EFC6CAF3E}.Debug|ARM.Build.0 = Debug|Any CPU
		{8873DC3C-8842-4A03-A5DB-D39EFC6CAF3E}.Debug|ARM.Deploy.0 = Debug|Any CPU
		{8873DC3C-8842-4A03-A5DB-D39EFC6CAF3E}.Debug|iPhone.ActiveCfg = Debug|Any CPU
		{8873DC3C-8842-4A03-A5DB-D39EFC6CAF3E}.Debug|iPhone.Build.0 = Debug|Any CPU
		{8873DC3C-8842-4A03-A5DB-D39EFC6CAF3E}.Debug|iPhone.Deploy.0 = Debug|Any CPU
		{8873DC3C-8842-4A03-A5DB-D39EFC6CAF3E}.Debug|iPhoneSimulator.ActiveCfg = Debug|Any CPU
		{8873DC3C-8842-4A03-A5DB-D39EFC6CAF3E}.Debug|iPhoneSimulator.Build.0 = Debug|Any CPU
		{8873DC3C-8842-4A03-A5DB-D39EFC6CAF3E}.Debug|iPhoneSimulator.Deploy.0 = Debug|Any CPU
		{8873DC3C-8842-4A03-A5DB-D39EFC6CAF3E}.Debug|x64.ActiveCfg = Debug|Any CPU
		{8873DC3C-8842-4A03-A5DB-D39EFC6CAF3E}.Debug|x64.Build.0 = Debug|Any CPU
		{8873DC3C-8842-4A03-A5DB-D39EFC6CAF3E}.Debug|x64.Deploy.0 = Debug|Any CPU
		{8873DC3C-8842-4A03-A5DB-D39EFC6CAF3E}.Debug|x86.ActiveCfg = Debug|Any CPU
		{8873DC3C-8842-4A03-A5DB-D39EFC6CAF3E}.Debug|x86.Build.0 = Debug|Any CPU
		{8873DC3C-8842-4A03-A5DB-D39EFC6CAF3E}.Debug|x86.Deploy.0 = Debug|Any CPU
		{8873DC3C-8842-4A03-A5DB-D39EFC6CAF3E}.Release|Any CPU.ActiveCfg = Release|Any CPU
		{8873DC3C-8842-4A03-A5DB-D39EFC6CAF3E}.Release|Any CPU.Build.0 = Release|Any CPU
		{8873DC3C-8842-4A03-A5DB-D39EFC6CAF3E}.Release|Any CPU.Deploy.0 = Release|Any CPU
		{8873DC3C-8842-4A03-A5DB-D39EFC6CAF3E}.Release|ARM.ActiveCfg = Release|Any CPU
		{8873DC3C-8842-4A03-A5DB-D39EFC6CAF3E}.Release|ARM.Build.0 = Release|Any CPU
		{8873DC3C-8842-4A03-A5DB-D39EFC6CAF3E}.Release|ARM.Deploy.0 = Release|Any CPU
		{8873DC3C-8842-4A03-A5DB-D39EFC6CAF3E}.Release|iPhone.ActiveCfg = Release|Any CPU
		{8873DC3C-8842-4A03-A5DB-D39EFC6CAF3E}.Release|iPhone.Build.0 = Release|Any CPU
		{8873DC3C-8842-4A03-A5DB-D39EFC6CAF3E}.Release|iPhone.Deploy.0 = Release|Any CPU
		{8873DC3C-8842-4A03-A5DB-D39EFC6CAF3E}.Release|iPhoneSimulator.ActiveCfg = Release|Any CPU
		{8873DC3C-8842-4A03-A5DB-D39EFC6CAF3E}.Release|iPhoneSimulator.Build.0 = Release|Any CPU
		{8873DC3C-8842-4A03-A5DB-D39EFC6CAF3E}.Release|iPhoneSimulator.Deploy.0 = Release|Any CPU
		{8873DC3C-8842-4A03-A5DB-D39EFC6CAF3E}.Release|x64.ActiveCfg = Release|Any CPU
		{8873DC3C-8842-4A03-A5DB-D39EFC6CAF3E}.Release|x64.Build.0 = Release|Any CPU
		{8873DC3C-8842-4A03-A5DB-D39EFC6CAF3E}.Release|x64.Deploy.0 = Release|Any CPU
		{8873DC3C-8842-4A03-A5DB-D39EFC6CAF3E}.Release|x86.ActiveCfg = Release|Any CPU
		{8873DC3C-8842-4A03-A5DB-D39EFC6CAF3E}.Release|x86.Build.0 = Release|Any CPU
		{8873DC3C-8842-4A03-A5DB-D39EFC6CAF3E}.Release|x86.Deploy.0 = Release|Any CPU
		{3BA7D15E-3126-4329-89D4-62FF149F5EE9}.Ad-Hoc|Any CPU.ActiveCfg = Release|Any CPU
		{3BA7D15E-3126-4329-89D4-62FF149F5EE9}.Ad-Hoc|Any CPU.Build.0 = Release|Any CPU
		{3BA7D15E-3126-4329-89D4-62FF149F5EE9}.Ad-Hoc|ARM.ActiveCfg = Release|Any CPU
		{3BA7D15E-3126-4329-89D4-62FF149F5EE9}.Ad-Hoc|ARM.Build.0 = Release|Any CPU
		{3BA7D15E-3126-4329-89D4-62FF149F5EE9}.Ad-Hoc|iPhone.ActiveCfg = Release|Any CPU
		{3BA7D15E-3126-4329-89D4-62FF149F5EE9}.Ad-Hoc|iPhone.Build.0 = Release|Any CPU
		{3BA7D15E-3126-4329-89D4-62FF149F5EE9}.Ad-Hoc|iPhoneSimulator.ActiveCfg = Release|Any CPU
		{3BA7D15E-3126-4329-89D4-62FF149F5EE9}.Ad-Hoc|iPhoneSimulator.Build.0 = Release|Any CPU
		{3BA7D15E-3126-4329-89D4-62FF149F5EE9}.Ad-Hoc|x64.ActiveCfg = Release|Any CPU
		{3BA7D15E-3126-4329-89D4-62FF149F5EE9}.Ad-Hoc|x64.Build.0 = Release|Any CPU
		{3BA7D15E-3126-4329-89D4-62FF149F5EE9}.Ad-Hoc|x86.ActiveCfg = Release|Any CPU
		{3BA7D15E-3126-4329-89D4-62FF149F5EE9}.Ad-Hoc|x86.Build.0 = Release|Any CPU
		{3BA7D15E-3126-4329-89D4-62FF149F5EE9}.AppStore|Any CPU.ActiveCfg = Release|Any CPU
		{3BA7D15E-3126-4329-89D4-62FF149F5EE9}.AppStore|Any CPU.Build.0 = Release|Any CPU
		{3BA7D15E-3126-4329-89D4-62FF149F5EE9}.AppStore|ARM.ActiveCfg = Release|Any CPU
		{3BA7D15E-3126-4329-89D4-62FF149F5EE9}.AppStore|ARM.Build.0 = Release|Any CPU
		{3BA7D15E-3126-4329-89D4-62FF149F5EE9}.AppStore|iPhone.ActiveCfg = Release|Any CPU
		{3BA7D15E-3126-4329-89D4-62FF149F5EE9}.AppStore|iPhone.Build.0 = Release|Any CPU
		{3BA7D15E-3126-4329-89D4-62FF149F5EE9}.AppStore|iPhoneSimulator.ActiveCfg = Release|Any CPU
		{3BA7D15E-3126-4329-89D4-62FF149F5EE9}.AppStore|iPhoneSimulator.Build.0 = Release|Any CPU
		{3BA7D15E-3126-4329-89D4-62FF149F5EE9}.AppStore|x64.ActiveCfg = Release|Any CPU
		{3BA7D15E-3126-4329-89D4-62FF149F5EE9}.AppStore|x64.Build.0 = Release|Any CPU
		{3BA7D15E-3126-4329-89D4-62FF149F5EE9}.AppStore|x86.ActiveCfg = Release|Any CPU
		{3BA7D15E-3126-4329-89D4-62FF149F5EE9}.AppStore|x86.Build.0 = Release|Any CPU
		{3BA7D15E-3126-4329-89D4-62FF149F5EE9}.Debug|Any CPU.ActiveCfg = Debug|Any CPU
		{3BA7D15E-3126-4329-89D4-62FF149F5EE9}.Debug|Any CPU.Build.0 = Debug|Any CPU
		{3BA7D15E-3126-4329-89D4-62FF149F5EE9}.Debug|ARM.ActiveCfg = Debug|Any CPU
		{3BA7D15E-3126-4329-89D4-62FF149F5EE9}.Debug|ARM.Build.0 = Debug|Any CPU
		{3BA7D15E-3126-4329-89D4-62FF149F5EE9}.Debug|iPhone.ActiveCfg = Debug|Any CPU
		{3BA7D15E-3126-4329-89D4-62FF149F5EE9}.Debug|iPhone.Build.0 = Debug|Any CPU
		{3BA7D15E-3126-4329-89D4-62FF149F5EE9}.Debug|iPhoneSimulator.ActiveCfg = Debug|Any CPU
		{3BA7D15E-3126-4329-89D4-62FF149F5EE9}.Debug|iPhoneSimulator.Build.0 = Debug|Any CPU
		{3BA7D15E-3126-4329-89D4-62FF149F5EE9}.Debug|x64.ActiveCfg = Debug|Any CPU
		{3BA7D15E-3126-4329-89D4-62FF149F5EE9}.Debug|x64.Build.0 = Debug|Any CPU
		{3BA7D15E-3126-4329-89D4-62FF149F5EE9}.Debug|x86.ActiveCfg = Debug|Any CPU
		{3BA7D15E-3126-4329-89D4-62FF149F5EE9}.Debug|x86.Build.0 = Debug|Any CPU
		{3BA7D15E-3126-4329-89D4-62FF149F5EE9}.Release|Any CPU.ActiveCfg = Release|Any CPU
		{3BA7D15E-3126-4329-89D4-62FF149F5EE9}.Release|Any CPU.Build.0 = Release|Any CPU
		{3BA7D15E-3126-4329-89D4-62FF149F5EE9}.Release|ARM.ActiveCfg = Release|Any CPU
		{3BA7D15E-3126-4329-89D4-62FF149F5EE9}.Release|ARM.Build.0 = Release|Any CPU
		{3BA7D15E-3126-4329-89D4-62FF149F5EE9}.Release|iPhone.ActiveCfg = Release|Any CPU
		{3BA7D15E-3126-4329-89D4-62FF149F5EE9}.Release|iPhone.Build.0 = Release|Any CPU
		{3BA7D15E-3126-4329-89D4-62FF149F5EE9}.Release|iPhoneSimulator.ActiveCfg = Release|Any CPU
		{3BA7D15E-3126-4329-89D4-62FF149F5EE9}.Release|iPhoneSimulator.Build.0 = Release|Any CPU
		{3BA7D15E-3126-4329-89D4-62FF149F5EE9}.Release|x64.ActiveCfg = Release|Any CPU
		{3BA7D15E-3126-4329-89D4-62FF149F5EE9}.Release|x64.Build.0 = Release|Any CPU
		{3BA7D15E-3126-4329-89D4-62FF149F5EE9}.Release|x86.ActiveCfg = Release|Any CPU
		{3BA7D15E-3126-4329-89D4-62FF149F5EE9}.Release|x86.Build.0 = Release|Any CPU
		{7B7DE0A6-C384-49E4-8F8C-C857B222B8F6}.Ad-Hoc|Any CPU.ActiveCfg = Release|Any CPU
		{7B7DE0A6-C384-49E4-8F8C-C857B222B8F6}.Ad-Hoc|Any CPU.Build.0 = Release|Any CPU
		{7B7DE0A6-C384-49E4-8F8C-C857B222B8F6}.Ad-Hoc|ARM.ActiveCfg = Release|Any CPU
		{7B7DE0A6-C384-49E4-8F8C-C857B222B8F6}.Ad-Hoc|ARM.Build.0 = Release|Any CPU
		{7B7DE0A6-C384-49E4-8F8C-C857B222B8F6}.Ad-Hoc|iPhone.ActiveCfg = Release|Any CPU
		{7B7DE0A6-C384-49E4-8F8C-C857B222B8F6}.Ad-Hoc|iPhone.Build.0 = Release|Any CPU
		{7B7DE0A6-C384-49E4-8F8C-C857B222B8F6}.Ad-Hoc|iPhoneSimulator.ActiveCfg = Release|Any CPU
		{7B7DE0A6-C384-49E4-8F8C-C857B222B8F6}.Ad-Hoc|iPhoneSimulator.Build.0 = Release|Any CPU
		{7B7DE0A6-C384-49E4-8F8C-C857B222B8F6}.Ad-Hoc|x64.ActiveCfg = Release|Any CPU
		{7B7DE0A6-C384-49E4-8F8C-C857B222B8F6}.Ad-Hoc|x64.Build.0 = Release|Any CPU
		{7B7DE0A6-C384-49E4-8F8C-C857B222B8F6}.Ad-Hoc|x86.ActiveCfg = Release|Any CPU
		{7B7DE0A6-C384-49E4-8F8C-C857B222B8F6}.Ad-Hoc|x86.Build.0 = Release|Any CPU
		{7B7DE0A6-C384-49E4-8F8C-C857B222B8F6}.AppStore|Any CPU.ActiveCfg = Release|Any CPU
		{7B7DE0A6-C384-49E4-8F8C-C857B222B8F6}.AppStore|Any CPU.Build.0 = Release|Any CPU
		{7B7DE0A6-C384-49E4-8F8C-C857B222B8F6}.AppStore|ARM.ActiveCfg = Release|Any CPU
		{7B7DE0A6-C384-49E4-8F8C-C857B222B8F6}.AppStore|ARM.Build.0 = Release|Any CPU
		{7B7DE0A6-C384-49E4-8F8C-C857B222B8F6}.AppStore|iPhone.ActiveCfg = Release|Any CPU
		{7B7DE0A6-C384-49E4-8F8C-C857B222B8F6}.AppStore|iPhone.Build.0 = Release|Any CPU
		{7B7DE0A6-C384-49E4-8F8C-C857B222B8F6}.AppStore|iPhoneSimulator.ActiveCfg = Release|Any CPU
		{7B7DE0A6-C384-49E4-8F8C-C857B222B8F6}.AppStore|iPhoneSimulator.Build.0 = Release|Any CPU
		{7B7DE0A6-C384-49E4-8F8C-C857B222B8F6}.AppStore|x64.ActiveCfg = Release|Any CPU
		{7B7DE0A6-C384-49E4-8F8C-C857B222B8F6}.AppStore|x64.Build.0 = Release|Any CPU
		{7B7DE0A6-C384-49E4-8F8C-C857B222B8F6}.AppStore|x86.ActiveCfg = Release|Any CPU
		{7B7DE0A6-C384-49E4-8F8C-C857B222B8F6}.AppStore|x86.Build.0 = Release|Any CPU
		{7B7DE0A6-C384-49E4-8F8C-C857B222B8F6}.Debug|Any CPU.ActiveCfg = Debug|Any CPU
		{7B7DE0A6-C384-49E4-8F8C-C857B222B8F6}.Debug|Any CPU.Build.0 = Debug|Any CPU
		{7B7DE0A6-C384-49E4-8F8C-C857B222B8F6}.Debug|ARM.ActiveCfg = Debug|Any CPU
		{7B7DE0A6-C384-49E4-8F8C-C857B222B8F6}.Debug|ARM.Build.0 = Debug|Any CPU
		{7B7DE0A6-C384-49E4-8F8C-C857B222B8F6}.Debug|iPhone.ActiveCfg = Debug|Any CPU
		{7B7DE0A6-C384-49E4-8F8C-C857B222B8F6}.Debug|iPhone.Build.0 = Debug|Any CPU
		{7B7DE0A6-C384-49E4-8F8C-C857B222B8F6}.Debug|iPhoneSimulator.ActiveCfg = Debug|Any CPU
		{7B7DE0A6-C384-49E4-8F8C-C857B222B8F6}.Debug|iPhoneSimulator.Build.0 = Debug|Any CPU
		{7B7DE0A6-C384-49E4-8F8C-C857B222B8F6}.Debug|x64.ActiveCfg = Debug|Any CPU
		{7B7DE0A6-C384-49E4-8F8C-C857B222B8F6}.Debug|x64.Build.0 = Debug|Any CPU
		{7B7DE0A6-C384-49E4-8F8C-C857B222B8F6}.Debug|x86.ActiveCfg = Debug|Any CPU
		{7B7DE0A6-C384-49E4-8F8C-C857B222B8F6}.Debug|x86.Build.0 = Debug|Any CPU
		{7B7DE0A6-C384-49E4-8F8C-C857B222B8F6}.Release|Any CPU.ActiveCfg = Release|Any CPU
		{7B7DE0A6-C384-49E4-8F8C-C857B222B8F6}.Release|Any CPU.Build.0 = Release|Any CPU
		{7B7DE0A6-C384-49E4-8F8C-C857B222B8F6}.Release|ARM.ActiveCfg = Release|Any CPU
		{7B7DE0A6-C384-49E4-8F8C-C857B222B8F6}.Release|ARM.Build.0 = Release|Any CPU
		{7B7DE0A6-C384-49E4-8F8C-C857B222B8F6}.Release|iPhone.ActiveCfg = Release|Any CPU
		{7B7DE0A6-C384-49E4-8F8C-C857B222B8F6}.Release|iPhone.Build.0 = Release|Any CPU
		{7B7DE0A6-C384-49E4-8F8C-C857B222B8F6}.Release|iPhoneSimulator.ActiveCfg = Release|Any CPU
		{7B7DE0A6-C384-49E4-8F8C-C857B222B8F6}.Release|iPhoneSimulator.Build.0 = Release|Any CPU
		{7B7DE0A6-C384-49E4-8F8C-C857B222B8F6}.Release|x64.ActiveCfg = Release|Any CPU
		{7B7DE0A6-C384-49E4-8F8C-C857B222B8F6}.Release|x64.Build.0 = Release|Any CPU
		{7B7DE0A6-C384-49E4-8F8C-C857B222B8F6}.Release|x86.ActiveCfg = Release|Any CPU
		{7B7DE0A6-C384-49E4-8F8C-C857B222B8F6}.Release|x86.Build.0 = Release|Any CPU
		{6B353C3F-D9F7-44B3-9578-0FEE37D0D948}.Ad-Hoc|Any CPU.ActiveCfg = Release|Any CPU
		{6B353C3F-D9F7-44B3-9578-0FEE37D0D948}.Ad-Hoc|Any CPU.Build.0 = Release|Any CPU
		{6B353C3F-D9F7-44B3-9578-0FEE37D0D948}.Ad-Hoc|ARM.ActiveCfg = Release|Any CPU
		{6B353C3F-D9F7-44B3-9578-0FEE37D0D948}.Ad-Hoc|ARM.Build.0 = Release|Any CPU
		{6B353C3F-D9F7-44B3-9578-0FEE37D0D948}.Ad-Hoc|iPhone.ActiveCfg = Release|Any CPU
		{6B353C3F-D9F7-44B3-9578-0FEE37D0D948}.Ad-Hoc|iPhone.Build.0 = Release|Any CPU
		{6B353C3F-D9F7-44B3-9578-0FEE37D0D948}.Ad-Hoc|iPhoneSimulator.ActiveCfg = Release|Any CPU
		{6B353C3F-D9F7-44B3-9578-0FEE37D0D948}.Ad-Hoc|iPhoneSimulator.Build.0 = Release|Any CPU
		{6B353C3F-D9F7-44B3-9578-0FEE37D0D948}.Ad-Hoc|x64.ActiveCfg = Release|Any CPU
		{6B353C3F-D9F7-44B3-9578-0FEE37D0D948}.Ad-Hoc|x64.Build.0 = Release|Any CPU
		{6B353C3F-D9F7-44B3-9578-0FEE37D0D948}.Ad-Hoc|x86.ActiveCfg = Release|Any CPU
		{6B353C3F-D9F7-44B3-9578-0FEE37D0D948}.Ad-Hoc|x86.Build.0 = Release|Any CPU
		{6B353C3F-D9F7-44B3-9578-0FEE37D0D948}.AppStore|Any CPU.ActiveCfg = Release|Any CPU
		{6B353C3F-D9F7-44B3-9578-0FEE37D0D948}.AppStore|Any CPU.Build.0 = Release|Any CPU
		{6B353C3F-D9F7-44B3-9578-0FEE37D0D948}.AppStore|ARM.ActiveCfg = Release|Any CPU
		{6B353C3F-D9F7-44B3-9578-0FEE37D0D948}.AppStore|ARM.Build.0 = Release|Any CPU
		{6B353C3F-D9F7-44B3-9578-0FEE37D0D948}.AppStore|iPhone.ActiveCfg = Release|Any CPU
		{6B353C3F-D9F7-44B3-9578-0FEE37D0D948}.AppStore|iPhone.Build.0 = Release|Any CPU
		{6B353C3F-D9F7-44B3-9578-0FEE37D0D948}.AppStore|iPhoneSimulator.ActiveCfg = Release|Any CPU
		{6B353C3F-D9F7-44B3-9578-0FEE37D0D948}.AppStore|iPhoneSimulator.Build.0 = Release|Any CPU
		{6B353C3F-D9F7-44B3-9578-0FEE37D0D948}.AppStore|x64.ActiveCfg = Release|Any CPU
		{6B353C3F-D9F7-44B3-9578-0FEE37D0D948}.AppStore|x64.Build.0 = Release|Any CPU
		{6B353C3F-D9F7-44B3-9578-0FEE37D0D948}.AppStore|x86.ActiveCfg = Release|Any CPU
		{6B353C3F-D9F7-44B3-9578-0FEE37D0D948}.AppStore|x86.Build.0 = Release|Any CPU
		{6B353C3F-D9F7-44B3-9578-0FEE37D0D948}.Debug|Any CPU.ActiveCfg = Debug|Any CPU
		{6B353C3F-D9F7-44B3-9578-0FEE37D0D948}.Debug|Any CPU.Build.0 = Debug|Any CPU
		{6B353C3F-D9F7-44B3-9578-0FEE37D0D948}.Debug|ARM.ActiveCfg = Debug|Any CPU
		{6B353C3F-D9F7-44B3-9578-0FEE37D0D948}.Debug|ARM.Build.0 = Debug|Any CPU
		{6B353C3F-D9F7-44B3-9578-0FEE37D0D948}.Debug|iPhone.ActiveCfg = Debug|Any CPU
		{6B353C3F-D9F7-44B3-9578-0FEE37D0D948}.Debug|iPhone.Build.0 = Debug|Any CPU
		{6B353C3F-D9F7-44B3-9578-0FEE37D0D948}.Debug|iPhoneSimulator.ActiveCfg = Debug|Any CPU
		{6B353C3F-D9F7-44B3-9578-0FEE37D0D948}.Debug|iPhoneSimulator.Build.0 = Debug|Any CPU
		{6B353C3F-D9F7-44B3-9578-0FEE37D0D948}.Debug|x64.ActiveCfg = Debug|Any CPU
		{6B353C3F-D9F7-44B3-9578-0FEE37D0D948}.Debug|x64.Build.0 = Debug|Any CPU
		{6B353C3F-D9F7-44B3-9578-0FEE37D0D948}.Debug|x86.ActiveCfg = Debug|Any CPU
		{6B353C3F-D9F7-44B3-9578-0FEE37D0D948}.Debug|x86.Build.0 = Debug|Any CPU
		{6B353C3F-D9F7-44B3-9578-0FEE37D0D948}.Release|Any CPU.ActiveCfg = Release|Any CPU
		{6B353C3F-D9F7-44B3-9578-0FEE37D0D948}.Release|Any CPU.Build.0 = Release|Any CPU
		{6B353C3F-D9F7-44B3-9578-0FEE37D0D948}.Release|ARM.ActiveCfg = Release|Any CPU
		{6B353C3F-D9F7-44B3-9578-0FEE37D0D948}.Release|ARM.Build.0 = Release|Any CPU
		{6B353C3F-D9F7-44B3-9578-0FEE37D0D948}.Release|iPhone.ActiveCfg = Release|Any CPU
		{6B353C3F-D9F7-44B3-9578-0FEE37D0D948}.Release|iPhone.Build.0 = Release|Any CPU
		{6B353C3F-D9F7-44B3-9578-0FEE37D0D948}.Release|iPhoneSimulator.ActiveCfg = Release|Any CPU
		{6B353C3F-D9F7-44B3-9578-0FEE37D0D948}.Release|iPhoneSimulator.Build.0 = Release|Any CPU
		{6B353C3F-D9F7-44B3-9578-0FEE37D0D948}.Release|x64.ActiveCfg = Release|Any CPU
		{6B353C3F-D9F7-44B3-9578-0FEE37D0D948}.Release|x64.Build.0 = Release|Any CPU
		{6B353C3F-D9F7-44B3-9578-0FEE37D0D948}.Release|x86.ActiveCfg = Release|Any CPU
		{6B353C3F-D9F7-44B3-9578-0FEE37D0D948}.Release|x86.Build.0 = Release|Any CPU
		{3AE229E0-53F4-4FE1-A3CF-EF5AFA1F7270}.Ad-Hoc|Any CPU.ActiveCfg = Release|Any CPU
		{3AE229E0-53F4-4FE1-A3CF-EF5AFA1F7270}.Ad-Hoc|Any CPU.Build.0 = Release|Any CPU
		{3AE229E0-53F4-4FE1-A3CF-EF5AFA1F7270}.Ad-Hoc|ARM.ActiveCfg = Release|Any CPU
		{3AE229E0-53F4-4FE1-A3CF-EF5AFA1F7270}.Ad-Hoc|ARM.Build.0 = Release|Any CPU
		{3AE229E0-53F4-4FE1-A3CF-EF5AFA1F7270}.Ad-Hoc|iPhone.ActiveCfg = Release|Any CPU
		{3AE229E0-53F4-4FE1-A3CF-EF5AFA1F7270}.Ad-Hoc|iPhone.Build.0 = Release|Any CPU
		{3AE229E0-53F4-4FE1-A3CF-EF5AFA1F7270}.Ad-Hoc|iPhoneSimulator.ActiveCfg = Release|Any CPU
		{3AE229E0-53F4-4FE1-A3CF-EF5AFA1F7270}.Ad-Hoc|iPhoneSimulator.Build.0 = Release|Any CPU
		{3AE229E0-53F4-4FE1-A3CF-EF5AFA1F7270}.Ad-Hoc|x64.ActiveCfg = Release|Any CPU
		{3AE229E0-53F4-4FE1-A3CF-EF5AFA1F7270}.Ad-Hoc|x64.Build.0 = Release|Any CPU
		{3AE229E0-53F4-4FE1-A3CF-EF5AFA1F7270}.Ad-Hoc|x86.ActiveCfg = Release|Any CPU
		{3AE229E0-53F4-4FE1-A3CF-EF5AFA1F7270}.Ad-Hoc|x86.Build.0 = Release|Any CPU
		{3AE229E0-53F4-4FE1-A3CF-EF5AFA1F7270}.AppStore|Any CPU.ActiveCfg = Release|Any CPU
		{3AE229E0-53F4-4FE1-A3CF-EF5AFA1F7270}.AppStore|Any CPU.Build.0 = Release|Any CPU
		{3AE229E0-53F4-4FE1-A3CF-EF5AFA1F7270}.AppStore|ARM.ActiveCfg = Release|Any CPU
		{3AE229E0-53F4-4FE1-A3CF-EF5AFA1F7270}.AppStore|ARM.Build.0 = Release|Any CPU
		{3AE229E0-53F4-4FE1-A3CF-EF5AFA1F7270}.AppStore|iPhone.ActiveCfg = Release|Any CPU
		{3AE229E0-53F4-4FE1-A3CF-EF5AFA1F7270}.AppStore|iPhone.Build.0 = Release|Any CPU
		{3AE229E0-53F4-4FE1-A3CF-EF5AFA1F7270}.AppStore|iPhoneSimulator.ActiveCfg = Release|Any CPU
		{3AE229E0-53F4-4FE1-A3CF-EF5AFA1F7270}.AppStore|iPhoneSimulator.Build.0 = Release|Any CPU
		{3AE229E0-53F4-4FE1-A3CF-EF5AFA1F7270}.AppStore|x64.ActiveCfg = Release|Any CPU
		{3AE229E0-53F4-4FE1-A3CF-EF5AFA1F7270}.AppStore|x64.Build.0 = Release|Any CPU
		{3AE229E0-53F4-4FE1-A3CF-EF5AFA1F7270}.AppStore|x86.ActiveCfg = Release|Any CPU
		{3AE229E0-53F4-4FE1-A3CF-EF5AFA1F7270}.AppStore|x86.Build.0 = Release|Any CPU
		{3AE229E0-53F4-4FE1-A3CF-EF5AFA1F7270}.Debug|Any CPU.ActiveCfg = Debug|Any CPU
		{3AE229E0-53F4-4FE1-A3CF-EF5AFA1F7270}.Debug|Any CPU.Build.0 = Debug|Any CPU
		{3AE229E0-53F4-4FE1-A3CF-EF5AFA1F7270}.Debug|ARM.ActiveCfg = Debug|Any CPU
		{3AE229E0-53F4-4FE1-A3CF-EF5AFA1F7270}.Debug|ARM.Build.0 = Debug|Any CPU
		{3AE229E0-53F4-4FE1-A3CF-EF5AFA1F7270}.Debug|iPhone.ActiveCfg = Debug|Any CPU
		{3AE229E0-53F4-4FE1-A3CF-EF5AFA1F7270}.Debug|iPhone.Build.0 = Debug|Any CPU
		{3AE229E0-53F4-4FE1-A3CF-EF5AFA1F7270}.Debug|iPhoneSimulator.ActiveCfg = Debug|Any CPU
		{3AE229E0-53F4-4FE1-A3CF-EF5AFA1F7270}.Debug|iPhoneSimulator.Build.0 = Debug|Any CPU
		{3AE229E0-53F4-4FE1-A3CF-EF5AFA1F7270}.Debug|x64.ActiveCfg = Debug|Any CPU
		{3AE229E0-53F4-4FE1-A3CF-EF5AFA1F7270}.Debug|x64.Build.0 = Debug|Any CPU
		{3AE229E0-53F4-4FE1-A3CF-EF5AFA1F7270}.Debug|x86.ActiveCfg = Debug|Any CPU
		{3AE229E0-53F4-4FE1-A3CF-EF5AFA1F7270}.Debug|x86.Build.0 = Debug|Any CPU
		{3AE229E0-53F4-4FE1-A3CF-EF5AFA1F7270}.Release|Any CPU.ActiveCfg = Release|Any CPU
		{3AE229E0-53F4-4FE1-A3CF-EF5AFA1F7270}.Release|Any CPU.Build.0 = Release|Any CPU
		{3AE229E0-53F4-4FE1-A3CF-EF5AFA1F7270}.Release|ARM.ActiveCfg = Release|Any CPU
		{3AE229E0-53F4-4FE1-A3CF-EF5AFA1F7270}.Release|ARM.Build.0 = Release|Any CPU
		{3AE229E0-53F4-4FE1-A3CF-EF5AFA1F7270}.Release|iPhone.ActiveCfg = Release|Any CPU
		{3AE229E0-53F4-4FE1-A3CF-EF5AFA1F7270}.Release|iPhone.Build.0 = Release|Any CPU
		{3AE229E0-53F4-4FE1-A3CF-EF5AFA1F7270}.Release|iPhoneSimulator.ActiveCfg = Release|Any CPU
		{3AE229E0-53F4-4FE1-A3CF-EF5AFA1F7270}.Release|iPhoneSimulator.Build.0 = Release|Any CPU
		{3AE229E0-53F4-4FE1-A3CF-EF5AFA1F7270}.Release|x64.ActiveCfg = Release|Any CPU
		{3AE229E0-53F4-4FE1-A3CF-EF5AFA1F7270}.Release|x64.Build.0 = Release|Any CPU
		{3AE229E0-53F4-4FE1-A3CF-EF5AFA1F7270}.Release|x86.ActiveCfg = Release|Any CPU
		{3AE229E0-53F4-4FE1-A3CF-EF5AFA1F7270}.Release|x86.Build.0 = Release|Any CPU
	EndGlobalSection
	GlobalSection(SolutionProperties) = preSolution
		HideSolutionNode = FALSE
	EndGlobalSection
	GlobalSection(ExtensibilityGlobals) = postSolution
		SolutionGuid = {5B16C130-907B-439A-A6CD-E567D9D0F935}
	EndGlobalSection
EndGlobal
